
Microsoft Visual Studio Solution File, Format Version 12.00
# Visual Studio Version 16
VisualStudioVersion = 16.0.30517.126
MinimumVisualStudioVersion = 10.0.40219.1
Project("{FAE04EC0-301F-11D3-BF4B-00C04F79EFBC}") = "OOPSolarSystem", "OOPSolarSystem\OOPSolarSystem.csproj", "{CFF5DA21-A93D-48C3-A318-3194A69F86E6}"
EndProject
Project("{FAE04EC0-301F-11D3-BF4B-00C04F79EFBC}") = "ReadPlanetFiles", "ReadPlanetFiles\ReadPlanetFiles.csproj", "{7C05FD5E-AA7F-4A08-B0E2-E6A106E6895C}"
EndProject
Project("{FAE04EC0-301F-11D3-BF4B-00C04F79EFBC}") = "ReadPlanetFilesRight", "ReadPlanetFilesRight\ReadPlanetFilesRight.csproj", "{2DFE7351-065F-40D0-A562-B5619BBE94AA}"
EndProject
Global
	GlobalSection(SolutionConfigurationPlatforms) = preSolution
		Debug|Any CPU = Debug|Any CPU
		Release|Any CPU = Release|Any CPU
	EndGlobalSection
	GlobalSection(ProjectConfigurationPlatforms) = postSolution
		{CFF5DA21-A93D-48C3-A318-3194A69F86E6}.Debug|Any CPU.ActiveCfg = Debug|Any CPU
		{CFF5DA21-A93D-48C3-A318-3194A69F86E6}.Debug|Any CPU.Build.0 = Debug|Any CPU
		{CFF5DA21-A93D-48C3-A318-3194A69F86E6}.Release|Any CPU.ActiveCfg = Release|Any CPU
		{CFF5DA21-A93D-48C3-A318-3194A69F86E6}.Release|Any CPU.Build.0 = Release|Any CPU
		{7C05FD5E-AA7F-4A08-B0E2-E6A106E6895C}.Debug|Any CPU.ActiveCfg = Debug|Any CPU
		{7C05FD5E-AA7F-4A08-B0E2-E6A106E6895C}.Debug|Any CPU.Build.0 = Debug|Any CPU
		{7C05FD5E-AA7F-4A08-B0E2-E6A106E6895C}.Release|Any CPU.ActiveCfg = Release|Any CPU
		{7C05FD5E-AA7F-4A08-B0E2-E6A106E6895C}.Release|Any CPU.Build.0 = Release|Any CPU
		{2DFE7351-065F-40D0-A562-B5619BBE94AA}.Debug|Any CPU.ActiveCfg = Debug|Any CPU
		{2DFE7351-065F-40D0-A562-B5619BBE94AA}.Debug|Any CPU.Build.0 = Debug|Any CPU
		{2DFE7351-065F-40D0-A562-B5619BBE94AA}.Release|Any CPU.ActiveCfg = Release|Any CPU
		{2DFE7351-065F-40D0-A562-B5619BBE94AA}.Release|Any CPU.Build.0 = Release|Any CPU
	EndGlobalSection
	GlobalSection(SolutionProperties) = preSolution
		HideSolutionNode = FALSE
	EndGlobalSection
	GlobalSection(ExtensibilityGlobals) = postSolution
		SolutionGuid = {DABF98E0-F0EC-46DF-85B8-2669A4405308}
	EndGlobalSection
EndGlobal
